PODS:
  - Alamofire (5.4.1)
  - Kingfisher (6.1.1)
  - lottie-ios (3.2.1)
  - ObjectMapper (4.2.0)

DEPENDENCIES:
  - Alamofire
  - Kingfisher
  - lottie-ios
  - ObjectMapper

SPEC REPOS:
  trunk:
    - Alamofire
    - Kingfisher
    - lottie-ios
    - ObjectMapper

SPEC CHECKSUMS:
  Alamofire: 2291f7d21ca607c491dd17642e5d40fdcda0e65c
  Kingfisher: 676d63307fbef6ed5d5ed400bff36983480d7500
  lottie-ios: 106e92eaf11fbed0a76590b4cdb9b5ec26123ff7
  ObjectMapper: 1eb41f610210777375fa806bf161dc39fb832b81

PODFILE CHECKSUM: 41f448df12de67006b642326eda4d2934cf2cf93

COCOAPODS: 1.10.1
